// !$*UTF8*$!
{
	archiveVersion = 1;
	classes = {
	};
	objectVersion = 55;
	objects = {

/* Begin PBXBuildFile section */
		CE6E7781F4422582A9444C34 /* Pods_CrossFadeTest.framework in Frameworks */ = {isa = PBXBuildFile; fileRef = 1699FFA147266D54F0613C78 /* Pods_CrossFadeTest.framework */; };
		D5039CC1285FA7B00053C6DE /* AppDelegate.swift in Sources */ = {isa = PBXBuildFile; fileRef = D5039CC0285FA7B00053C6DE /* AppDelegate.swift */; };
		D5039CC5285FA7B00053C6DE /* MusicViewController.swift in Sources */ = {isa = PBXBuildFile; fileRef = D5039CC4285FA7B00053C6DE /* MusicViewController.swift */; };
		D5039CCA285FA7B50053C6DE /* Assets.xcassets in Resources */ = {isa = PBXBuildFile; fileRef = D5039CC9285FA7B50053C6DE /* Assets.xcassets */; };
		D5039CCD285FA7B50053C6DE /* LaunchScreen.storyboard in Resources */ = {isa = PBXBuildFile; fileRef = D5039CCB285FA7B50053C6DE /* LaunchScreen.storyboard */; };
		D523672C2860B7190037C8D8 /* Apples.mp3 in Resources */ = {isa = PBXBuildFile; fileRef = D523672A2860B7190037C8D8 /* Apples.mp3 */; };
		D523672D2860B7190037C8D8 /* Plum.mp3 in Resources */ = {isa = PBXBuildFile; fileRef = D523672B2860B7190037C8D8 /* Plum.mp3 */; };
		D52367302860B75C0037C8D8 /* PlayerView.swift in Sources */ = {isa = PBXBuildFile; fileRef = D523672F2860B75C0037C8D8 /* PlayerView.swift */; };
		D52367322860BBDD0037C8D8 /* TrackTableViewCell.swift in Sources */ = {isa = PBXBuildFile; fileRef = D52367312860BBDD0037C8D8 /* TrackTableViewCell.swift */; };
		D52E46FE286A327F0069BBE6 /* Model.swift in Sources */ = {isa = PBXBuildFile; fileRef = D52E46FD286A327F0069BBE6 /* Model.swift */; };
		D52E4700286A40F10069BBE6 /* RecordingView.swift in Sources */ = {isa = PBXBuildFile; fileRef = D52E46FF286A40F10069BBE6 /* RecordingView.swift */; };
		D54B6DA1286CD60400D861C6 /* AudioButton.swift in Sources */ = {isa = PBXBuildFile; fileRef = D54B6DA0286CD60400D861C6 /* AudioButton.swift */; };
		D54B6DA4286CDBC900D861C6 /* MainButton.swift in Sources */ = {isa = PBXBuildFile; fileRef = D54B6DA3286CDBC900D861C6 /* MainButton.swift */; };
		D54B6DA7286CE57600D861C6 /* RecordingModel.swift in Sources */ = {isa = PBXBuildFile; fileRef = D54B6DA6286CE57600D861C6 /* RecordingModel.swift */; };
/* End PBXBuildFile section */

/* Begin PBXFileReference section */
		1699FFA147266D54F0613C78 /* Pods_CrossFadeTest.framework */ = {isa = PBXFileReference; explicitFileType = wrapper.framework; includeInIndex = 0; path = Pods_CrossFadeTest.framework; sourceTree = BUILT_PRODUCTS_DIR; };
		3CB8D7FA814D15ACC6B2358D /* Pods-CrossFadeTest.debug.xcconfig */ = {isa = PBXFileReference; includeInIndex = 1; lastKnownFileType = text.xcconfig; name = "Pods-CrossFadeTest.debug.xcconfig"; path = "Target Support Files/Pods-CrossFadeTest/Pods-CrossFadeTest.debug.xcconfig"; sourceTree = "<group>"; };
		52C85AF60949224AF7443FEF /* Pods-CrossFadeTest.release.xcconfig */ = {isa = PBXFileReference; includeInIndex = 1; lastKnownFileType = text.xcconfig; name = "Pods-CrossFadeTest.release.xcconfig"; path = "Target Support Files/Pods-CrossFadeTest/Pods-CrossFadeTest.release.xcconfig"; sourceTree = "<group>"; };
		D5039CBD285FA7B00053C6DE /* CrossFadeTest.app */ = {isa = PBXFileReference; explicitFileType = wrapper.application; includeInIndex = 0; path = CrossFadeTest.app; sourceTree = BUILT_PRODUCTS_DIR; };
		D5039CC0285FA7B00053C6DE /* AppDelegate.swift */ = {isa = PBXFileReference; lastKnownFileType = sourcecode.swift; path = AppDelegate.swift; sourceTree = "<group>"; };
		D5039CC4285FA7B00053C6DE /* MusicViewController.swift */ = {isa = PBXFileReference; lastKnownFileType = sourcecode.swift; path = MusicViewController.swift; sourceTree = "<group>"; };
		D5039CC9285FA7B50053C6DE /* Assets.xcassets */ = {isa = PBXFileReference; lastKnownFileType = folder.assetcatalog; path = Assets.xcassets; sourceTree = "<group>"; };
		D5039CCC285FA7B50053C6DE /* Base */ = {isa = PBXFileReference; lastKnownFileType = file.storyboard; name = Base; path = Base.lproj/LaunchScreen.storyboard; sourceTree = "<group>"; };
		D5039CCE285FA7B50053C6DE /* Info.plist */ = {isa = PBXFileReference; lastKnownFileType = text.plist.xml; path = Info.plist; sourceTree = "<group>"; };
		D523672A2860B7190037C8D8 /* Apples.mp3 */ = {isa = PBXFileReference; lastKnownFileType = audio.mp3; path = Apples.mp3; sourceTree = "<group>"; };
		D523672B2860B7190037C8D8 /* Plum.mp3 */ = {isa = PBXFileReference; lastKnownFileType = audio.mp3; path = Plum.mp3; sourceTree = "<group>"; };
		D523672F2860B75C0037C8D8 /* PlayerView.swift */ = {isa = PBXFileReference; lastKnownFileType = sourcecode.swift; path = PlayerView.swift; sourceTree = "<group>"; };
		D52367312860BBDD0037C8D8 /* TrackTableViewCell.swift */ = {isa = PBXFileReference; lastKnownFileType = sourcecode.swift; path = TrackTableViewCell.swift; sourceTree = "<group>"; };
		D52E46FD286A327F0069BBE6 /* Model.swift */ = {isa = PBXFileReference; lastKnownFileType = sourcecode.swift; path = Model.swift; sourceTree = "<group>"; };
		D52E46FF286A40F10069BBE6 /* RecordingView.swift */ = {isa = PBXFileReference; lastKnownFileType = sourcecode.swift; path = RecordingView.swift; sourceTree = "<group>"; };
		D54B6DA0286CD60400D861C6 /* AudioButton.swift */ = {isa = PBXFileReference; lastKnownFileType = sourcecode.swift; path = AudioButton.swift; sourceTree = "<group>"; };
		D54B6DA3286CDBC900D861C6 /* MainButton.swift */ = {isa = PBXFileReference; lastKnownFileType = sourcecode.swift; path = MainButton.swift; sourceTree = "<group>"; };
		D54B6DA6286CE57600D861C6 /* RecordingModel.swift */ = {isa = PBXFileReference; lastKnownFileType = sourcecode.swift; path = RecordingModel.swift; sourceTree = "<group>"; };
/* End PBXFileReference section */

/* Begin PBXFrameworksBuildPhase section */
		D5039CBA285FA7B00053C6DE /* Frameworks */ = {
			isa = PBXFrameworksBuildPhase;
			buildActionMask = 2147483647;
			files = (
				CE6E7781F4422582A9444C34 /* Pods_CrossFadeTest.framework in Frameworks */,
			);
			runOnlyForDeploymentPostprocessing = 0;
		};
/* End PBXFrameworksBuildPhase section */

/* Begin PBXGroup section */
		97DEE4D9E4CF582D5071D481 /* Pods */ = {
			isa = PBXGroup;
			children = (
				3CB8D7FA814D15ACC6B2358D /* Pods-CrossFadeTest.debug.xcconfig */,
				52C85AF60949224AF7443FEF /* Pods-CrossFadeTest.release.xcconfig */,
			);
			path = Pods;
			sourceTree = "<group>";
		};
		C453D3C755CE0740A7995564 /* Frameworks */ = {
			isa = PBXGroup;
			children = (
				1699FFA147266D54F0613C78 /* Pods_CrossFadeTest.framework */,
			);
			name = Frameworks;
			sourceTree = "<group>";
		};
		D5039CB4285FA7B00053C6DE = {
			isa = PBXGroup;
			children = (
				D5039CBF285FA7B00053C6DE /* CrossFadeTest */,
				D5039CBE285FA7B00053C6DE /* Products */,
				97DEE4D9E4CF582D5071D481 /* Pods */,
				C453D3C755CE0740A7995564 /* Frameworks */,
			);
			sourceTree = "<group>";
		};
		D5039CBE285FA7B00053C6DE /* Products */ = {
			isa = PBXGroup;
			children = (
				D5039CBD285FA7B00053C6DE /* CrossFadeTest.app */,
			);
			name = Products;
			sourceTree = "<group>";
		};
		D5039CBF285FA7B00053C6DE /* CrossFadeTest */ = {
			isa = PBXGroup;
			children = (
				D5039CC0285FA7B00053C6DE /* AppDelegate.swift */,
				D5039CC4285FA7B00053C6DE /* MusicViewController.swift */,
				D52367312860BBDD0037C8D8 /* TrackTableViewCell.swift */,
				D523672F2860B75C0037C8D8 /* PlayerView.swift */,
				D54B6DA2286CDB8500D861C6 /* Buttons */,
				D54B6DA5286CE55500D861C6 /* Recorder */,
				D52E46FD286A327F0069BBE6 /* Model.swift */,
				D523672E2860B7260037C8D8 /* Tracks */,
				D5039CC9285FA7B50053C6DE /* Assets.xcassets */,
				D5039CCB285FA7B50053C6DE /* LaunchScreen.storyboard */,
				D5039CCE285FA7B50053C6DE /* Info.plist */,
			);
			path = CrossFadeTest;
			sourceTree = "<group>";
		};
		D523672E2860B7260037C8D8 /* Tracks */ = {
			isa = PBXGroup;
			children = (
				D523672A2860B7190037C8D8 /* Apples.mp3 */,
				D523672B2860B7190037C8D8 /* Plum.mp3 */,
			);
			path = Tracks;
			sourceTree = "<group>";
		};
		D54B6DA2286CDB8500D861C6 /* Buttons */ = {
			isa = PBXGroup;
			children = (
				D54B6DA0286CD60400D861C6 /* AudioButton.swift */,
				D54B6DA3286CDBC900D861C6 /* MainButton.swift */,
			);
			path = Buttons;
			sourceTree = "<group>";
		};
		D54B6DA5286CE55500D861C6 /* Recorder */ = {
			isa = PBXGroup;
			children = (
				D52E46FF286A40F10069BBE6 /* RecordingView.swift */,
				D54B6DA6286CE57600D861C6 /* RecordingModel.swift */,
			);
			path = Recorder;
			sourceTree = "<group>";
		};
/* End PBXGroup section */

/* Begin PBXNativeTarget section */
		D5039CBC285FA7B00053C6DE /* CrossFadeTest */ = {
			isa = PBXNativeTarget;
			buildConfigurationList = D5039CD1285FA7B50053C6DE /* Build configuration list for PBXNativeTarget "CrossFadeTest" */;
			buildPhases = (
				3F9D178A027CA3DA5BA8F93A /* [CP] Check Pods Manifest.lock */,
				D5039CB9285FA7B00053C6DE /* Sources */,
				D5039CBA285FA7B00053C6DE /* Frameworks */,
				D5039CBB285FA7B00053C6DE /* Resources */,
				63F867FF9130AEE062DD3164 /* [CP] Embed Pods Frameworks */,
			);
			buildRules = (
			);
			dependencies = (
			);
			name = CrossFadeTest;
			productName = CrossFadeTest;
			productReference = D5039CBD285FA7B00053C6DE /* CrossFadeTest.app */;
			productType = "com.apple.product-type.application";
		};
/* End PBXNativeTarget section */

/* Begin PBXProject section */
		D5039CB5285FA7B00053C6DE /* Project object */ = {
			isa = PBXProject;
			attributes = {
				BuildIndependentTargetsInParallel = 1;
				LastSwiftUpdateCheck = 1340;
				LastUpgradeCheck = 1340;
				TargetAttributes = {
					D5039CBC285FA7B00053C6DE = {
						CreatedOnToolsVersion = 13.4;
					};
				};
			};
			buildConfigurationList = D5039CB8285FA7B00053C6DE /* Build configuration list for PBXProject "CrossFadeTest" */;
			compatibilityVersion = "Xcode 13.0";
			developmentRegion = en;
			hasScannedForEncodings = 0;
			knownRegions = (
				en,
				Base,
			);
			mainGroup = D5039CB4285FA7B00053C6DE;
			productRefGroup = D5039CBE285FA7B00053C6DE /* Products */;
			projectDirPath = "";
			projectRoot = "";
			targets = (
				D5039CBC285FA7B00053C6DE /* CrossFadeTest */,
			);
		};
/* End PBXProject section */

/* Begin PBXResourcesBuildPhase section */
		D5039CBB285FA7B00053C6DE /* Resources */ = {
			isa = PBXResourcesBuildPhase;
			buildActionMask = 2147483647;
			files = (
				D523672D2860B7190037C8D8 /* Plum.mp3 in Resources */,
				D5039CCD285FA7B50053C6DE /* LaunchScreen.storyboard in Resources */,
				D5039CCA285FA7B50053C6DE /* Assets.xcassets in Resources */,
				D523672C2860B7190037C8D8 /* Apples.mp3 in Resources */,
			);
			runOnlyForDeploymentPostprocessing = 0;
		};
/* End PBXResourcesBuildPhase section */

/* Begin PBXShellScriptBuildPhase section */
		3F9D178A027CA3DA5BA8F93A /* [CP] Check Pods Manifest.lock */ = {
			isa = PBXShellScriptBuildPhase;
			buildActionMask = 2147483647;
			files = (
			);
			inputFileListPaths = (
			);
			inputPaths = (
				"${PODS_PODFILE_DIR_PATH}/Podfile.lock",
				"${PODS_ROOT}/Manifest.lock",
			);
			name = "[CP] Check Pods Manifest.lock";
			outputFileListPaths = (
			);
			outputPaths = (
				"$(DERIVED_FILE_DIR)/Pods-CrossFadeTest-checkManifestLockResult.txt",
			);
			runOnlyForDeploymentPostprocessing = 0;
			shellPath = /bin/sh;
			shellScript = "diff \"${PODS_PODFILE_DIR_PATH}/Podfile.lock\" \"${PODS_ROOT}/Manifest.lock\" > /dev/null\nif [ $? != 0 ] ; then\n    # print error to STDERR\n    echo \"error: The sandbox is not in sync with the Podfile.lock. Run 'pod install' or update your CocoaPods installation.\" >&2\n    exit 1\nfi\n# This output is used by Xcode 'outputs' to avoid re-running this script phase.\necho \"SUCCESS\" > \"${SCRIPT_OUTPUT_FILE_0}\"\n";
			showEnvVarsInLog = 0;
		};
		63F867FF9130AEE062DD3164 /* [CP] Embed Pods Frameworks */ = {
			isa = PBXShellScriptBuildPhase;
			buildActionMask = 2147483647;
			files = (
			);
			inputFileListPaths = (
				"${PODS_ROOT}/Target Support Files/Pods-CrossFadeTest/Pods-CrossFadeTest-frameworks-${CONFIGURATION}-input-files.xcfilelist",
			);
			name = "[CP] Embed Pods Frameworks";
			outputFileListPaths = (
				"${PODS_ROOT}/Target Support Files/Pods-CrossFadeTest/Pods-CrossFadeTest-frameworks-${CONFIGURATION}-output-files.xcfilelist",
			);
			runOnlyForDeploymentPostprocessing = 0;
			shellPath = /bin/sh;
			shellScript = "\"${PODS_ROOT}/Target Support Files/Pods-CrossFadeTest/Pods-CrossFadeTest-frameworks.sh\"\n";
			showEnvVarsInLog = 0;
		};
/* End PBXShellScriptBuildPhase section */

/* Begin PBXSourcesBuildPhase section */
		D5039CB9285FA7B00053C6DE /* Sources */ = {
			isa = PBXSourcesBuildPhase;
			buildActionMask = 2147483647;
			files = (
				D52367302860B75C0037C8D8 /* PlayerView.swift in Sources */,
				D5039CC5285FA7B00053C6DE /* MusicViewController.swift in Sources */,
				D54B6DA7286CE57600D861C6 /* RecordingModel.swift in Sources */,
				D52E4700286A40F10069BBE6 /* RecordingView.swift in Sources */,
				D5039CC1285FA7B00053C6DE /* AppDelegate.swift in Sources */,
				D54B6DA4286CDBC900D861C6 /* MainButton.swift in Sources */,
				D52E46FE286A327F0069BBE6 /* Model.swift in Sources */,
				D52367322860BBDD0037C8D8 /* TrackTableViewCell.swift in Sources */,
				D54B6DA1286CD60400D861C6 /* AudioButton.swift in Sources */,
			);
			runOnlyForDeploymentPostprocessing = 0;
		};
/* End PBXSourcesBuildPhase section */

/* Begin PBXVariantGroup section */
		D5039CCB285FA7B50053C6DE /* LaunchScreen.storyboard */ = {
			isa = PBXVariantGroup;
			children = (
				D5039CCC285FA7B50053C6DE /* Base */,
			);
			name = LaunchScreen.storyboard;
			sourceTree = "<group>";
		};
/* End PBXVariantGroup section */

/* Begin XCBuildConfiguration section */
		D5039CCF285FA7B50053C6DE /* Debug */ = {
			isa = XCBuildConfiguration;
			buildSettings = {
				ALWAYS_SEARCH_USER_PATHS = NO;
				CLANG_ANALYZER_NONNULL = YES;
				CLANG_ANALYZER_NUMBER_OBJECT_CONVERSION = YES_AGGRESSIVE;
				CLANG_CXX_LANGUAGE_STANDARD = "gnu++17";
				CLANG_ENABLE_MODULES = YES;
				CLANG_ENABLE_OBJC_ARC = YES;
				CLANG_ENABLE_OBJC_WEAK = YES;
				CLANG_WARN_BLOCK_CAPTURE_AUTORELEASING = YES;
				CLANG_WARN_BOOL_CONVERSION = YES;
				CLANG_WARN_COMMA = YES;
				CLANG_WARN_CONSTANT_CONVERSION = YES;
				CLANG_WARN_DEPRECATED_OBJC_IMPLEMENTATIONS = YES;
				CLANG_WARN_DIRECT_OBJC_ISA_USAGE = YES_ERROR;
				CLANG_WARN_DOCUMENTATION_COMMENTS = YES;
				CLANG_WARN_EMPTY_BODY = YES;
				CLANG_WARN_ENUM_CONVERSION = YES;
				CLANG_WARN_INFINITE_RECURSION = YES;
				CLANG_WARN_INT_CONVERSION = YES;
				CLANG_WARN_NON_LITERAL_NULL_CONVERSION = YES;
				CLANG_WARN_OBJC_IMPLICIT_RETAIN_SELF = YES;
				CLANG_WARN_OBJC_LITERAL_CONVERSION = YES;
				CLANG_WARN_OBJC_ROOT_CLASS = YES_ERROR;
				CLANG_WARN_QUOTED_INCLUDE_IN_FRAMEWORK_HEADER = YES;
				CLANG_WARN_RANGE_LOOP_ANALYSIS = YES;
				CLANG_WARN_STRICT_PROTOTYPES = YES;
				CLANG_WARN_SUSPICIOUS_MOVE = YES;
				CLANG_WARN_UNGUARDED_AVAILABILITY = YES_AGGRESSIVE;
				CLANG_WARN_UNREACHABLE_CODE = YES;
				CLANG_WARN__DUPLICATE_METHOD_MATCH = YES;
				COPY_PHASE_STRIP = NO;
				DEBUG_INFORMATION_FORMAT = dwarf;
				ENABLE_STRICT_OBJC_MSGSEND = YES;
				ENABLE_TESTABILITY = YES;
				GCC_C_LANGUAGE_STANDARD = gnu11;
				GCC_DYNAMIC_NO_PIC = NO;
				GCC_NO_COMMON_BLOCKS = YES;
				GCC_OPTIMIZATION_LEVEL = 0;
				GCC_PREPROCESSOR_DEFINITIONS = (
					"DEBUG=1",
					"$(inherited)",
				);
				GCC_WARN_64_TO_32_BIT_CONVERSION = YES;
				GCC_WARN_ABOUT_RETURN_TYPE = YES_ERROR;
				GCC_WARN_UNDECLARED_SELECTOR = YES;
				GCC_WARN_UNINITIALIZED_AUTOS = YES_AGGRESSIVE;
				GCC_WARN_UNUSED_FUNCTION = YES;
				GCC_WARN_UNUSED_VARIABLE = YES;
				IPHONEOS_DEPLOYMENT_TARGET = 15.4;
				MTL_ENABLE_DEBUG_INFO = INCLUDE_SOURCE;
				MTL_FAST_MATH = YES;
				ONLY_ACTIVE_ARCH = YES;
				SDKROOT = iphoneos;
				SWIFT_ACTIVE_COMPILATION_CONDITIONS = DEBUG;
				SWIFT_OPTIMIZATION_LEVEL = "-Onone";
			};
			name = Debug;
		};
		D5039CD0285FA7B50053C6DE /* Release */ = {
			isa = XCBuildConfiguration;
			buildSettings = {
				ALWAYS_SEARCH_USER_PATHS = NO;
				CLANG_ANALYZER_NONNULL = YES;
				CLANG_ANALYZER_NUMBER_OBJECT_CONVERSION = YES_AGGRESSIVE;
				CLANG_CXX_LANGUAGE_STANDARD = "gnu++17";
				CLANG_ENABLE_MODULES = YES;
				CLANG_ENABLE_OBJC_ARC = YES;
				CLANG_ENABLE_OBJC_WEAK = YES;
				CLANG_WARN_BLOCK_CAPTURE_AUTORELEASING = YES;
				CLANG_WARN_BOOL_CONVERSION = YES;
				CLANG_WARN_COMMA = YES;
				CLANG_WARN_CONSTANT_CONVERSION = YES;
				CLANG_WARN_DEPRECATED_OBJC_IMPLEMENTATIONS = YES;
				CLANG_WARN_DIRECT_OBJC_ISA_USAGE = YES_ERROR;
				CLANG_WARN_DOCUMENTATION_COMMENTS = YES;
				CLANG_WARN_EMPTY_BODY = YES;
				CLANG_WARN_ENUM_CONVERSION = YES;
				CLANG_WARN_INFINITE_RECURSION = YES;
				CLANG_WARN_INT_CONVERSION = YES;
				CLANG_WARN_NON_LITERAL_NULL_CONVERSION = YES;
				CLANG_WARN_OBJC_IMPLICIT_RETAIN_SELF = YES;
				CLANG_WARN_OBJC_LITERAL_CONVERSION = YES;
				CLANG_WARN_OBJC_ROOT_CLASS = YES_ERROR;
				CLANG_WARN_QUOTED_INCLUDE_IN_FRAMEWORK_HEADER = YES;
				CLANG_WARN_RANGE_LOOP_ANALYSIS = YES;
				CLANG_WARN_STRICT_PROTOTYPES = YES;
				CLANG_WARN_SUSPICIOUS_MOVE = YES;
				CLANG_WARN_UNGUARDED_AVAILABILITY = YES_AGGRESSIVE;
				CLANG_WARN_UNREACHABLE_CODE = YES;
				CLANG_WARN__DUPLICATE_METHOD_MATCH = YES;
				COPY_PHASE_STRIP = NO;
				DEBUG_INFORMATION_FORMAT = "dwarf-with-dsym";
				ENABLE_NS_ASSERTIONS = NO;
				ENABLE_STRICT_OBJC_MSGSEND = YES;
				GCC_C_LANGUAGE_STANDARD = gnu11;
				GCC_NO_COMMON_BLOCKS = YES;
				GCC_WARN_64_TO_32_BIT_CONVERSION = YES;
				GCC_WARN_ABOUT_RETURN_TYPE = YES_ERROR;
				GCC_WARN_UNDECLARED_SELECTOR = YES;
				GCC_WARN_UNINITIALIZED_AUTOS = YES_AGGRESSIVE;
				GCC_WARN_UNUSED_FUNCTION = YES;
				GCC_WARN_UNUSED_VARIABLE = YES;
				IPHONEOS_DEPLOYMENT_TARGET = 15.4;
				MTL_ENABLE_DEBUG_INFO = NO;
				MTL_FAST_MATH = YES;
				SDKROOT = iphoneos;
				SWIFT_COMPILATION_MODE = wholemodule;
				SWIFT_OPTIMIZATION_LEVEL = "-O";
				VALIDATE_PRODUCT = YES;
			};
			name = Release;
		};
		D5039CD2285FA7B50053C6DE /* Debug */ = {
			isa = XCBuildConfiguration;
			baseConfigurationReference = 3CB8D7FA814D15ACC6B2358D /* Pods-CrossFadeTest.debug.xcconfig */;
			buildSettings = {
				ASSETCATALOG_COMPILER_APPICON_NAME = AppIcon;
				ASSETCATALOG_COMPILER_GLOBAL_ACCENT_COLOR_NAME = AccentColor;
				CODE_SIGN_STYLE = Automatic;
				CURRENT_PROJECT_VERSION = 1;
				DEVELOPMENT_TEAM = KY382G7762;
				GENERATE_INFOPLIST_FILE = YES;
				INFOPLIST_FILE = CrossFadeTest/Info.plist;
				INFOPLIST_KEY_UIApplicationSupportsIndirectInputEvents = YES;
				INFOPLIST_KEY_UILaunchStoryboardName = LaunchScreen;
				INFOPLIST_KEY_UISupportedInterfaceOrientations_iPad = "UIInterfaceOrientationPortrait UIInterfaceOrientationPortraitUpsideDown UIInterfaceOrientationLandscapeLeft UIInterfaceOrientationLandscapeRight";
				INFOPLIST_KEY_UISupportedInterfaceOrientations_iPhone = "UIInterfaceOrientationPortrait UIInterfaceOrientationLandscapeLeft UIInterfaceOrientationLandscapeRight";
				IPHONEOS_DEPLOYMENT_TARGET = 15.4;
				LD_RUNPATH_SEARCH_PATHS = (
					"$(inherited)",
					"@executable_path/Frameworks",
				);
				MARKETING_VERSION = 1.0;
				PRODUCT_BUNDLE_IDENTIFIER = savie.CrossFadeTest;
				PRODUCT_NAME = "$(TARGET_NAME)";
				SWIFT_EMIT_LOC_STRINGS = YES;
				SWIFT_VERSION = 5.0;
				TARGETED_DEVICE_FAMILY = "1,2";
			};
			name = Debug;
		};
		D5039CD3285FA7B50053C6DE /* Release */ = {
			isa = XCBuildConfiguration;
			baseConfigurationReference = 52C85AF60949224AF7443FEF /* Pods-CrossFadeTest.release.xcconfig */;
			buildSettings = {
				ASSETCATALOG_COMPILER_APPICON_NAME = AppIcon;
				ASSETCATALOG_COMPILER_GLOBAL_ACCENT_COLOR_NAME = AccentColor;
				CODE_SIGN_STYLE = Automatic;
				CURRENT_PROJECT_VERSION = 1;
				DEVELOPMENT_TEAM = KY382G7762;
				GENERATE_INFOPLIST_FILE = YES;
				INFOPLIST_FILE = CrossFadeTest/Info.plist;
				INFOPLIST_KEY_UIApplicationSupportsIndirectInputEvents = YES;
				INFOPLIST_KEY_UILaunchStoryboardName = LaunchScreen;
				INFOPLIST_KEY_UISupportedInterfaceOrientations_iPad = "UIInterfaceOrientationPortrait UIInterfaceOrientationPortraitUpsideDown UIInterfaceOrientationLandscapeLeft UIInterfaceOrientationLandscapeRight";
				INFOPLIST_KEY_UISupportedInterfaceOrientations_iPhone = "UIInterfaceOrientationPortrait UIInterfaceOrientationLandscapeLeft UIInterfaceOrientationLandscapeRight";
				IPHONEOS_DEPLOYMENT_TARGET = 15.4;
				LD_RUNPATH_SEARCH_PATHS = (
					"$(inherited)",
					"@executable_path/Frameworks",
				);
				MARKETING_VERSION = 1.0;
				PRODUCT_BUNDLE_IDENTIFIER = savie.CrossFadeTest;
				PRODUCT_NAME = "$(TARGET_NAME)";
				SWIFT_EMIT_LOC_STRINGS = YES;
				SWIFT_VERSION = 5.0;
				TARGETED_DEVICE_FAMILY = "1,2";
			};
			name = Release;
		};
/* End XCBuildConfiguration section */

/* Begin XCConfigurationList section */
		D5039CB8285FA7B00053C6DE /* Build configuration list for PBXProject "CrossFadeTest" */ = {
			isa = XCConfigurationList;
			buildConfigurations = (
				D5039CCF285FA7B50053C6DE /* Debug */,
				D5039CD0285FA7B50053C6DE /* Release */,
			);
			defaultConfigurationIsVisible = 0;
			defaultConfigurationName = Release;
		};
		D5039CD1285FA7B50053C6DE /* Build configuration list for PBXNativeTarget "CrossFadeTest" */ = {
			isa = XCConfigurationList;
			buildConfigurations = (
				D5039CD2285FA7B50053C6DE /* Debug */,
				D5039CD3285FA7B50053C6DE /* Release */,
			);
			defaultConfigurationIsVisible = 0;
			defaultConfigurationName = Release;
		};
/* End XCConfigurationList section */
	};
	rootObject = D5039CB5285FA7B00053C6DE /* Project object */;
}
